
Microsoft Visual Studio Solution File, Format Version 12.00
# Visual Studio Version 16
VisualStudioVersion = 16.0.29519.181
MinimumVisualStudioVersion = 10.0.40219.1
Project("{9A19103F-16F7-4668-BE54-9A1E7A4F7556}") = "Shop", "Shop\Shop.csproj", "{6DBFFD68-3160-44C5-AF55-E3B945AB4C29}"
EndProject
Global
	GlobalSection(SolutionConfigurationPlatforms) = preSolution
		Debug|Any CPU = Debug|Any CPU
		Release|Any CPU = Release|Any CPU
	EndGlobalSection
	GlobalSection(ProjectConfigurationPlatforms) = postSolution
		{6DBFFD68-3160-44C5-AF55-E3B945AB4C29}.Debug|Any CPU.ActiveCfg = Debug|Any CPU
		{6DBFFD68-3160-44C5-AF55-E3B945AB4C29}.Debug|Any CPU.Build.0 = Debug|Any CPU
		{6DBFFD68-3160-44C5-AF55-E3B945AB4C29}.Release|Any CPU.ActiveCfg = Release|Any CPU
		{6DBFFD68-3160-44C5-AF55-E3B945AB4C29}.Release|Any CPU.Build.0 = Release|Any CPU
	EndGlobalSection
	GlobalSection(SolutionProperties) = preSolution
		HideSolutionNode = FALSE
	EndGlobalSection
	GlobalSection(ExtensibilityGlobals) = postSolution
		SolutionGuid = {781860DD-B819-4BC4-8219-4F266FEDFD67}
	EndGlobalSection
EndGlobal
